
Microsoft Visual Studio Solution File, Format Version 12.00
# Visual Studio Version 17
VisualStudioVersion = 17.8.34322.80
MinimumVisualStudioVersion = 10.0.40219.1
Project("{9A19103F-16F7-4668-BE54-9A1E7A4F7556}") = "Infrastructure", "Infrastructure\Infrastructure.csproj", "{068DEA65-675C-42C7-9D2D-E4A48CDC64C9}"
EndProject
Project("{FAE04EC0-301F-11D3-BF4B-00C04F79EFBC}") = "Presentation", "Presentation\Presentation.csproj", "{A26854EF-4374-4640-A1BB-4FDAC011C457}"
EndProject
Global
	GlobalSection(SolutionConfigurationPlatforms) = preSolution
		Debug|Any CPU = Debug|Any CPU
		Release|Any CPU = Release|Any CPU
	EndGlobalSection
	GlobalSection(ProjectConfigurationPlatforms) = postSolution
		{068DEA65-675C-42C7-9D2D-E4A48CDC64C9}.Debug|Any CPU.ActiveCfg = Debug|Any CPU
		{068DEA65-675C-42C7-9D2D-E4A48CDC64C9}.Debug|Any CPU.Build.0 = Debug|Any CPU
		{068DEA65-675C-42C7-9D2D-E4A48CDC64C9}.Release|Any CPU.ActiveCfg = Release|Any CPU
		{068DEA65-675C-42C7-9D2D-E4A48CDC64C9}.Release|Any CPU.Build.0 = Release|Any CPU
		{A26854EF-4374-4640-A1BB-4FDAC011C457}.Debug|Any CPU.ActiveCfg = Debug|Any CPU
		{A26854EF-4374-4640-A1BB-4FDAC011C457}.Debug|Any CPU.Build.0 = Debug|Any CPU
		{A26854EF-4374-4640-A1BB-4FDAC011C457}.Release|Any CPU.ActiveCfg = Release|Any CPU
		{A26854EF-4374-4640-A1BB-4FDAC011C457}.Release|Any CPU.Build.0 = Release|Any CPU
	EndGlobalSection
	GlobalSection(SolutionProperties) = preSolution
		HideSolutionNode = FALSE
	EndGlobalSection
	GlobalSection(ExtensibilityGlobals) = postSolution
		SolutionGuid = {2717AE7A-A7E7-4D05-A5C4-544926BA1042}
	EndGlobalSection
EndGlobal
